
Microsoft Visual Studio Solution File, Format Version 12.00
# Visual Studio Version 17
VisualStudioVersion = 17.9.34701.34
MinimumVisualStudioVersion = 10.0.40219.1
Project("{FAE04EC0-301F-11D3-BF4B-00C04F79EFBC}") = "22521428-BuiChauThong", "22521428-BuiChauThong\22521428-BuiChauThong.csproj", "{62884B84-C5D1-44A7-99B3-3126B30705DE}"
EndProject
Global
	GlobalSection(SolutionConfigurationPlatforms) = preSolution
		Debug|Any CPU = Debug|Any CPU
		Release|Any CPU = Release|Any CPU
	EndGlobalSection
	GlobalSection(ProjectConfigurationPlatforms) = postSolution
		{62884B84-C5D1-44A7-99B3-3126B30705DE}.Debug|Any CPU.ActiveCfg = Debug|Any CPU
		{62884B84-C5D1-44A7-99B3-3126B30705DE}.Debug|Any CPU.Build.0 = Debug|Any CPU
		{62884B84-C5D1-44A7-99B3-3126B30705DE}.Release|Any CPU.ActiveCfg = Release|Any CPU
		{62884B84-C5D1-44A7-99B3-3126B30705DE}.Release|Any CPU.Build.0 = Release|Any CPU
	EndGlobalSection
	GlobalSection(SolutionProperties) = preSolution
		HideSolutionNode = FALSE
	EndGlobalSection
	GlobalSection(ExtensibilityGlobals) = postSolution
		SolutionGuid = {C55A5A79-0E17-4F17-9FAD-E3A436B2FC7E}
	EndGlobalSection
EndGlobal
